
Microsoft Visual Studio Solution File, Format Version 12.00
# Visual Studio Version 18
VisualStudioVersion = 18.0.11222.15
MinimumVisualStudioVersion = 10.0.40219.1
Project("{FAE04EC0-301F-11D3-BF4B-00C04F79EFBC}") = "RubleAtlas.Web", "RubleAtlas.Web\RubleAtlas.Web.csproj", "{9B40FDB3-DE03-4678-BF56-F074BEA67F54}"
EndProject
Project("{FAE04EC0-301F-11D3-BF4B-00C04F79EFBC}") = "RubleAtlas.Domain", "RubleAtlas.Domain\RubleAtlas.Domain.csproj", "{931404D0-0B43-4A8E-AA22-5D907E172699}"
EndProject
Project("{FAE04EC0-301F-11D3-BF4B-00C04F79EFBC}") = "RubleAtlas.Infrastructure", "RubleAtlas.Infrastructure\RubleAtlas.Infrastructure.csproj", "{8D675DD7-B928-45FD-A800-D46F194636E1}"
EndProject
Global
	GlobalSection(SolutionConfigurationPlatforms) = preSolution
		Debug|Any CPU = Debug|Any CPU
		Debug|x64 = Debug|x64
		Debug|x86 = Debug|x86
		Release|Any CPU = Release|Any CPU
		Release|x64 = Release|x64
		Release|x86 = Release|x86
	EndGlobalSection
	GlobalSection(ProjectConfigurationPlatforms) = postSolution
		{9B40FDB3-DE03-4678-BF56-F074BEA67F54}.Debug|Any CPU.ActiveCfg = Debug|Any CPU
		{9B40FDB3-DE03-4678-BF56-F074BEA67F54}.Debug|Any CPU.Build.0 = Debug|Any CPU
		{9B40FDB3-DE03-4678-BF56-F074BEA67F54}.Debug|x64.ActiveCfg = Debug|Any CPU
		{9B40FDB3-DE03-4678-BF56-F074BEA67F54}.Debug|x64.Build.0 = Debug|Any CPU
		{9B40FDB3-DE03-4678-BF56-F074BEA67F54}.Debug|x86.ActiveCfg = Debug|Any CPU
		{9B40FDB3-DE03-4678-BF56-F074BEA67F54}.Debug|x86.Build.0 = Debug|Any CPU
		{9B40FDB3-DE03-4678-BF56-F074BEA67F54}.Release|Any CPU.ActiveCfg = Release|Any CPU
		{9B40FDB3-DE03-4678-BF56-F074BEA67F54}.Release|Any CPU.Build.0 = Release|Any CPU
		{9B40FDB3-DE03-4678-BF56-F074BEA67F54}.Release|x64.ActiveCfg = Release|Any CPU
		{9B40FDB3-DE03-4678-BF56-F074BEA67F54}.Release|x64.Build.0 = Release|Any CPU
		{9B40FDB3-DE03-4678-BF56-F074BEA67F54}.Release|x86.ActiveCfg = Release|Any CPU
		{9B40FDB3-DE03-4678-BF56-F074BEA67F54}.Release|x86.Build.0 = Release|Any CPU
		{931404D0-0B43-4A8E-AA22-5D907E172699}.Debug|Any CPU.ActiveCfg = Debug|Any CPU
		{931404D0-0B43-4A8E-AA22-5D907E172699}.Debug|Any CPU.Build.0 = Debug|Any CPU
		{931404D0-0B43-4A8E-AA22-5D907E172699}.Debug|x64.ActiveCfg = Debug|Any CPU
		{931404D0-0B43-4A8E-AA22-5D907E172699}.Debug|x64.Build.0 = Debug|Any CPU
		{931404D0-0B43-4A8E-AA22-5D907E172699}.Debug|x86.ActiveCfg = Debug|Any CPU
		{931404D0-0B43-4A8E-AA22-5D907E172699}.Debug|x86.Build.0 = Debug|Any CPU
		{931404D0-0B43-4A8E-AA22-5D907E172699}.Release|Any CPU.ActiveCfg = Release|Any CPU
		{931404D0-0B43-4A8E-AA22-5D907E172699}.Release|Any CPU.Build.0 = Release|Any CPU
		{931404D0-0B43-4A8E-AA22-5D907E172699}.Release|x64.ActiveCfg = Release|Any CPU
		{931404D0-0B43-4A8E-AA22-5D907E172699}.Release|x64.Build.0 = Release|Any CPU
		{931404D0-0B43-4A8E-AA22-5D907E172699}.Release|x86.ActiveCfg = Release|Any CPU
		{931404D0-0B43-4A8E-AA22-5D907E172699}.Release|x86.Build.0 = Release|Any CPU
		{8D675DD7-B928-45FD-A800-D46F194636E1}.Debug|Any CPU.ActiveCfg = Debug|Any CPU
		{8D675DD7-B928-45FD-A800-D46F194636E1}.Debug|Any CPU.Build.0 = Debug|Any CPU
		{8D675DD7-B928-45FD-A800-D46F194636E1}.Debug|x64.ActiveCfg = Debug|Any CPU
		{8D675DD7-B928-45FD-A800-D46F194636E1}.Debug|x64.Build.0 = Debug|Any CPU
		{8D675DD7-B928-45FD-A800-D46F194636E1}.Debug|x86.ActiveCfg = Debug|Any CPU
		{8D675DD7-B928-45FD-A800-D46F194636E1}.Debug|x86.Build.0 = Debug|Any CPU
		{8D675DD7-B928-45FD-A800-D46F194636E1}.Release|Any CPU.ActiveCfg = Release|Any CPU
		{8D675DD7-B928-45FD-A800-D46F194636E1}.Release|Any CPU.Build.0 = Release|Any CPU
		{8D675DD7-B928-45FD-A800-D46F194636E1}.Release|x64.ActiveCfg = Release|Any CPU
		{8D675DD7-B928-45FD-A800-D46F194636E1}.Release|x64.Build.0 = Release|Any CPU
		{8D675DD7-B928-45FD-A800-D46F194636E1}.Release|x86.ActiveCfg = Release|Any CPU
		{8D675DD7-B928-45FD-A800-D46F194636E1}.Release|x86.Build.0 = Release|Any CPU
	EndGlobalSection
	GlobalSection(SolutionProperties) = preSolution
		HideSolutionNode = FALSE
	EndGlobalSection
	GlobalSection(ExtensibilityGlobals) = postSolution
		SolutionGuid = {07126D26-94F0-46F1-ABA3-DD5F62C6A4BB}
	EndGlobalSection
EndGlobal
